# This file is generated by running "yarn install" inside your project.
# Manual changes might be lost - proceed with caution!

__metadata:
  version: 5
  cacheKey: 8

"@cspotcode/source-map-consumer@npm:0.8.0":
  version: 0.8.0
  resolution: "@cspotcode/source-map-consumer@npm:0.8.0"
  checksum: c0c16ca3d2f58898f1bd74c4f41a189dbcc202e642e60e489cbcc2e52419c4e89bdead02c886a12fb13ea37798ede9e562b2321df997ebc210ae9bd881561b4e
  languageName: node
  linkType: hard

"@cspotcode/source-map-support@npm:0.7.0":
  version: 0.7.0
  resolution: "@cspotcode/source-map-support@npm:0.7.0"
  dependencies:
    "@cspotcode/source-map-consumer": 0.8.0
  checksum: 9faddda7757cd778b5fd6812137b2cc265810043680d6399acc20441668fafcdc874053be9dccd0d9110087287bfad27eb3bf342f72bceca9aa9059f5d0c4be8
  languageName: node
  linkType: hard

"@tokenizer/token@npm:^0.3.0":
  version: 0.3.0
  resolution: "@tokenizer/token@npm:0.3.0"
  checksum: 1d575d02d2a9f0c5a4ca5180635ebd2ad59e0f18b42a65f3d04844148b49b3db35cf00b6012a1af2d59c2ab3caca59451c5689f747ba8667ee586ad717ee58e1
  languageName: node
  linkType: hard

"@tsconfig/node10@npm:^1.0.7":
  version: 1.0.8
  resolution: "@tsconfig/node10@npm:1.0.8"
  checksum: b8d5fffbc6b17ef64ef74f7fdbccee02a809a063ade785c3648dae59406bc207f70ea2c4296f92749b33019fa36a5ae716e42e49cc7f1bbf0fd147be0d6b970a
  languageName: node
  linkType: hard

"@tsconfig/node12@npm:^1.0.7":
  version: 1.0.9
  resolution: "@tsconfig/node12@npm:1.0.9"
  checksum: a01b2400ab3582b86b589c6d31dcd0c0656f333adecde85d6d7d4086adb059808b82692380bb169546d189bf771ae21d02544a75b57bd6da4a5dd95f8567bec9
  languageName: node
  linkType: hard

"@tsconfig/node14@npm:^1.0.0":
  version: 1.0.1
  resolution: "@tsconfig/node14@npm:1.0.1"
  checksum: 976345e896c0f059867f94f8d0f6ddb8b1844fb62bf36b727de8a9a68f024857e5db97ed51d3325e23e0616a5e48c034ff51a8d595b3fe7e955f3587540489be
  languageName: node
  linkType: hard

"@tsconfig/node16@npm:^1.0.2":
  version: 1.0.2
  resolution: "@tsconfig/node16@npm:1.0.2"
  checksum: ca94d3639714672bbfd55f03521d3f56bb6a25479bd425da81faf21f13e1e9d15f40f97377dedbbf477a5841c5b0c8f4cd1b391f33553d750b9202c54c2c07aa
  languageName: node
  linkType: hard

"@types/esprima@npm:^4.0.3":
  version: 4.0.3
  resolution: "@types/esprima@npm:4.0.3"
  dependencies:
    "@types/estree": "*"
  checksum: 266d1f87a9469688af0f143dec47caae25e6f689194da0d57d03d796cf8bdbfb99593717885e98d9538f1beff967a642f126d693e0e4b5fa4f4605fb55866919
  languageName: node
  linkType: hard

"@types/estree@npm:*":
  version: 0.0.50
  resolution: "@types/estree@npm:0.0.50"
  checksum: 9a2b6a4a8c117f34d08fbda5e8f69b1dfb109f7d149b60b00fd7a9fb6ac545c078bc590aa4ec2f0a256d680cf72c88b3b28b60c326ee38a7bc8ee1ee95624922
  languageName: node
  linkType: hard

"@types/jszip@npm:^3.4.1":
  version: 3.4.1
  resolution: "@types/jszip@npm:3.4.1"
  dependencies:
    jszip: "*"
  checksum: e779a531fadfc2152233b71055cb67d21e8a8c6bbc6e94ffc5d186bc3fea6a66294c3efa87314339a9fd4b17fe9cb65cacd6c60d14db1d9487f8b9ae17d03255
  languageName: node
  linkType: hard

"@types/node@npm:*, @types/node@npm:^17.0.10":
  version: 17.0.10
  resolution: "@types/node@npm:17.0.10"
  checksum: 979e83d642a2b4f18fa1a4233f884822c05abc7acd0836024aa964187f8446432b21f7913e72fe2b3927c4a811c27a0b6cd60ac7c4ac6a6762cfbab70782aa6a
  languageName: node
  linkType: hard

"@types/pngjs@npm:^6.0.1":
  version: 6.0.1
  resolution: "@types/pngjs@npm:6.0.1"
  dependencies:
    "@types/node": "*"
  checksum: 5673a301c81edc6cfcf5c969d743c2e4f79c28e85d24c261be36273d557b131a98b35d9c79a00dc968f206cc7f73b603e261c6a6f7066c99ed98874299f369b9
  languageName: node
  linkType: hard

"acorn-walk@npm:^8.1.1":
  version: 8.2.0
  resolution: "acorn-walk@npm:8.2.0"
  checksum: 1715e76c01dd7b2d4ca472f9c58968516a4899378a63ad5b6c2d668bba8da21a71976c14ec5f5b75f887b6317c4ae0b897ab141c831d741dc76024d8745f1ad1
  languageName: node
  linkType: hard

"acorn@npm:^8.4.1":
  version: 8.7.0
  resolution: "acorn@npm:8.7.0"
  bin:
    acorn: bin/acorn
  checksum: e0f79409d68923fbf1aa6d4166f3eedc47955320d25c89a20cc822e6ba7c48c5963d5bc657bc242d68f7a4ac9faf96eef033e8f73656da6c640d4219935fdfd0
  languageName: node
  linkType: hard

"arg@npm:^4.1.0":
  version: 4.1.3
  resolution: "arg@npm:4.1.3"
  checksum: 544af8dd3f60546d3e4aff084d451b96961d2267d668670199692f8d054f0415d86fc5497d0e641e91546f0aa920e7c29e5250e99fc89f5552a34b5d93b77f43
  languageName: node
  linkType: hard

"bconvert@npm:^1.0.0":
  version: 1.0.0
  resolution: "bconvert@npm:1.0.0"
  checksum: 9d4924a50bec083137613bbf38f0364802f827084ea4fde10b98a0b8648f39aa77054f78cc89d31741f491511daf2a94e3aef612b32e57e5556e67a6f6e2699a
  languageName: node
  linkType: hard

"byte-data@npm:^18.0.3":
  version: 18.1.1
  resolution: "byte-data@npm:18.1.1"
  dependencies:
    endianness: ^8.0.2
    ieee754-buffer: ^2.0.0
    utf8-buffer: ^1.0.0
  checksum: 12af7eeeccad3fac1736b5084785217ba50d48b9bfe92b94615f9e77faa60c86bf77b2c7df8669b6205c56b4e1d2f52d681dbef3ca4b8d042f96957a856cafae
  languageName: node
  linkType: hard

"core-util-is@npm:~1.0.0":
  version: 1.0.3
  resolution: "core-util-is@npm:1.0.3"
  checksum: 9de8597363a8e9b9952491ebe18167e3b36e7707569eed0ebf14f8bba773611376466ae34575bca8cfe3c767890c859c74056084738f09d4e4a6f902b2ad7d99
  languageName: node
  linkType: hard

"create-require@npm:^1.1.0":
  version: 1.1.1
  resolution: "create-require@npm:1.1.1"
  checksum: a9a1503d4390d8b59ad86f4607de7870b39cad43d929813599a23714831e81c520bddf61bcdd1f8e30f05fd3a2b71ae8538e946eb2786dc65c2bbc520f692eff
  languageName: node
  linkType: hard

"diff@npm:^4.0.1":
  version: 4.0.2
  resolution: "diff@npm:4.0.2"
  checksum: f2c09b0ce4e6b301c221addd83bf3f454c0bc00caa3dd837cf6c127d6edf7223aa2bbe3b688feea110b7f262adbfc845b757c44c8a9f8c0c5b15d8fa9ce9d20d
  languageName: node
  linkType: hard

"endianness@npm:^8.0.2":
  version: 8.0.2
  resolution: "endianness@npm:8.0.2"
  checksum: e1f4c3f287300a57bbc664210e9352df1c0306b259e2d5f01ff61ad43a71c087904e5b3a0a0a24209b7209ce17308673c3b46c4ffd772e36a2f23b9390ca7567
  languageName: node
  linkType: hard

"esprima@npm:^4.0.1":
  version: 4.0.1
  resolution: "esprima@npm:4.0.1"
  bin:
    esparse: ./bin/esparse.js
    esvalidate: ./bin/esvalidate.js
  checksum: b45bc805a613dbea2835278c306b91aff6173c8d034223fa81498c77dcbce3b2931bf6006db816f62eacd9fd4ea975dfd85a5b7f3c6402cfd050d4ca3c13a628
  languageName: node
  linkType: hard

"file-type@npm:16.5.3":
  version: 16.5.3
  resolution: "file-type@npm:16.5.3"
  dependencies:
    readable-web-to-node-stream: ^3.0.0
    strtok3: ^6.2.4
    token-types: ^4.1.1
  checksum: 38a4443d0f7b9b3de8a44a1d75d441f9ddb544a1adbf22ec7bc07d135452c3464000c64daa51220ffec6a38ceec7565a1290337bd81aab2e6273c79db5ed9ef3
  languageName: node
  linkType: hard

"ieee754-buffer@npm:^2.0.0":
  version: 2.0.0
  resolution: "ieee754-buffer@npm:2.0.0"
  checksum: b8bd2b0eec03f0ee346f85e250129dfceabc729600d701d62b0086204f47ec87bba4dd08d85789cd82e12b79d076b29ab72bfea6cb64a475f55462384d0a6810
  languageName: node
  linkType: hard

"ieee754@npm:^1.2.1":
  version: 1.2.1
  resolution: "ieee754@npm:1.2.1"
  checksum: 5144c0c9815e54ada181d80a0b810221a253562422e7c6c3a60b1901154184f49326ec239d618c416c1c5945a2e197107aee8d986a3dd836b53dffefd99b5e7e
  languageName: node
  linkType: hard

"immediate@npm:~3.0.5":
  version: 3.0.6
  resolution: "immediate@npm:3.0.6"
  checksum: f9b3486477555997657f70318cc8d3416159f208bec4cca3ff3442fd266bc23f50f0c9bd8547e1371a6b5e82b821ec9a7044a4f7b944798b25aa3cc6d5e63e62
  languageName: node
  linkType: hard

"inherits@npm:^2.0.3, inherits@npm:~2.0.3":
  version: 2.0.4
  resolution: "inherits@npm:2.0.4"
  checksum: 4a48a733847879d6cf6691860a6b1e3f0f4754176e4d71494c41f3475553768b10f84b5ce1d40fbd0e34e6bfbb864ee35858ad4dd2cf31e02fc4a154b724d7f1
  languageName: node
  linkType: hard

"isarray@npm:~1.0.0":
  version: 1.0.0
  resolution: "isarray@npm:1.0.0"
  checksum: f032df8e02dce8ec565cf2eb605ea939bdccea528dbcf565cdf92bfa2da9110461159d86a537388ef1acef8815a330642d7885b29010e8f7eac967c9993b65ab
  languageName: node
  linkType: hard

"jszip@npm:*, jszip@npm:^3.7.1":
  version: 3.7.1
  resolution: "jszip@npm:3.7.1"
  dependencies:
    lie: ~3.3.0
    pako: ~1.0.2
    readable-stream: ~2.3.6
    set-immediate-shim: ~1.0.1
  checksum: 67d737a82b294cc102e7451e32d5acbbab29860399be460cae598084327e6f2ea0c9bca2d3dad701da6a75ddf77f34c6a1dd7db0c3d5c0fec5998b7e56d6d59d
  languageName: node
  linkType: hard

"lie@npm:~3.3.0":
  version: 3.3.0
  resolution: "lie@npm:3.3.0"
  dependencies:
    immediate: ~3.0.5
  checksum: 33102302cf19766f97919a6a98d481e01393288b17a6aa1f030a3542031df42736edde8dab29ffdbf90bebeffc48c761eb1d064dc77592ca3ba3556f9fe6d2a8
  languageName: node
  linkType: hard

"make-error@npm:^1.1.1":
  version: 1.3.6
  resolution: "make-error@npm:1.3.6"
  checksum: b86e5e0e25f7f777b77fabd8e2cbf15737972869d852a22b7e73c17623928fccb826d8e46b9951501d3f20e51ad74ba8c59ed584f610526a48f8ccf88aaec402
  languageName: node
  linkType: hard

"mp3-parser@npm:^0.3.0":
  version: 0.3.0
  resolution: "mp3-parser@npm:0.3.0"
  checksum: c1b1ebcd9b35d2551d741d4a99c17fb94aaaff28440337452efc7201dadaa1b929f7a15059796df14730d4ba66f20f46f23bf476a365c44e4f9e41f348401d34
  languageName: node
  linkType: hard

"pako@npm:~1.0.2":
  version: 1.0.11
  resolution: "pako@npm:1.0.11"
  checksum: 1be2bfa1f807608c7538afa15d6f25baa523c30ec870a3228a89579e474a4d992f4293859524e46d5d87fd30fa17c5edf34dbef0671251d9749820b488660b16
  languageName: node
  linkType: hard

"peek-readable@npm:^4.0.1":
  version: 4.0.2
  resolution: "peek-readable@npm:4.0.2"
  checksum: beeef422c14aa408b8a6c9219800b3eec3c042d1a14ebe9be8913469d95041f43dd7617c069a75db6f0f9c0ac8336422229dac82d803be60c28ce3c5c056648a
  languageName: node
  linkType: hard

"petals-bud@workspace:packages/bud":
  version: 0.0.0-use.local
  resolution: "petals-bud@workspace:packages/bud"
  dependencies:
    "@types/node": ^17.0.10
    petals-stem: "workspace:*"
    ts-node: latest
    typescript: latest
  languageName: unknown
  linkType: soft

"petals-pollen@workspace:packages/pollen":
  version: 0.0.0-use.local
  resolution: "petals-pollen@workspace:packages/pollen"
  dependencies:
    "@types/node": ^17.0.10
    petals-stem: "workspace:*"
    ts-node: latest
    typescript: latest
  languageName: unknown
  linkType: soft

"petals-stem@workspace:*, petals-stem@workspace:packages/stem":
  version: 0.0.0-use.local
  resolution: "petals-stem@workspace:packages/stem"
  dependencies:
    "@types/esprima": ^4.0.3
    "@types/jszip": ^3.4.1
    "@types/node": ^17.0.10
    "@types/pngjs": ^6.0.1
    bconvert: ^1.0.0
    esprima: ^4.0.1
    file-type: 16.5.3
    jszip: ^3.7.1
    mp3-parser: ^0.3.0
    pngjs: ^6.0.0
    ts-node: latest
    typescript: latest
    wavefile-parser: ^1.0.1
  languageName: unknown
  linkType: soft

"petals-thorn@workspace:packages/thorn":
  version: 0.0.0-use.local
  resolution: "petals-thorn@workspace:packages/thorn"
  dependencies:
    "@types/node": ^17.0.10
    petals-stem: "workspace:*"
    ts-node: latest
    typescript: latest
  languageName: unknown
  linkType: soft

"petals@workspace:.":
  version: 0.0.0-use.local
  resolution: "petals@workspace:."
  languageName: unknown
  linkType: soft

"pngjs@npm:^6.0.0":
  version: 6.0.0
  resolution: "pngjs@npm:6.0.0"
  checksum: ab6c285086060087097eab9fe6b5a528a24f9e79c03dea2b4fd6264ed4fdb5beff4a3257eeeaf2a9dc18249b539609c2a4e4013c567164a1f6b5ba2c974d5ecb
  languageName: node
  linkType: hard

"process-nextick-args@npm:~2.0.0":
  version: 2.0.1
  resolution: "process-nextick-args@npm:2.0.1"
  checksum: 1d38588e520dab7cea67cbbe2efdd86a10cc7a074c09657635e34f035277b59fbb57d09d8638346bf7090f8e8ebc070c96fa5fd183b777fff4f5edff5e9466cf
  languageName: node
  linkType: hard

"readable-stream@npm:^3.6.0":
  version: 3.6.0
  resolution: "readable-stream@npm:3.6.0"
  dependencies:
    inherits: ^2.0.3
    string_decoder: ^1.1.1
    util-deprecate: ^1.0.1
  checksum: d4ea81502d3799439bb955a3a5d1d808592cf3133350ed352aeaa499647858b27b1c4013984900238b0873ec8d0d8defce72469fb7a83e61d53f5ad61cb80dc8
  languageName: node
  linkType: hard

"readable-stream@npm:~2.3.6":
  version: 2.3.7
  resolution: "readable-stream@npm:2.3.7"
  dependencies:
    core-util-is: ~1.0.0
    inherits: ~2.0.3
    isarray: ~1.0.0
    process-nextick-args: ~2.0.0
    safe-buffer: ~5.1.1
    string_decoder: ~1.1.1
    util-deprecate: ~1.0.1
  checksum: e4920cf7549a60f8aaf694d483a0e61b2a878b969d224f89b3bc788b8d920075132c4b55a7494ee944c7b6a9a0eada28a7f6220d80b0312ece70bbf08eeca755
  languageName: node
  linkType: hard

"readable-web-to-node-stream@npm:^3.0.0":
  version: 3.0.2
  resolution: "readable-web-to-node-stream@npm:3.0.2"
  dependencies:
    readable-stream: ^3.6.0
  checksum: 8c56cc62c68513425ddfa721954875b382768f83fa20e6b31e365ee00cbe7a3d6296f66f7f1107b16cd3416d33aa9f1680475376400d62a081a88f81f0ea7f9c
  languageName: node
  linkType: hard

"riff-file@npm:^1.0.3":
  version: 1.0.3
  resolution: "riff-file@npm:1.0.3"
  dependencies:
    byte-data: ^18.0.3
  checksum: 5f801167fbd59e0dd5a494aa03450b56f79ba8bf4b198817d1ef3b020e3933eb12c53603270f9bcd4789746261f85a4e3f52d782d202a4302dd1ed5ccd3afdc7
  languageName: node
  linkType: hard

"safe-buffer@npm:~5.1.0, safe-buffer@npm:~5.1.1":
  version: 5.1.2
  resolution: "safe-buffer@npm:5.1.2"
  checksum: f2f1f7943ca44a594893a852894055cf619c1fbcb611237fc39e461ae751187e7baf4dc391a72125e0ac4fb2d8c5c0b3c71529622e6a58f46b960211e704903c
  languageName: node
  linkType: hard

"safe-buffer@npm:~5.2.0":
  version: 5.2.1
  resolution: "safe-buffer@npm:5.2.1"
  checksum: b99c4b41fdd67a6aaf280fcd05e9ffb0813654894223afb78a31f14a19ad220bba8aba1cb14eddce1fcfb037155fe6de4e861784eb434f7d11ed58d1e70dd491
  languageName: node
  linkType: hard

"set-immediate-shim@npm:~1.0.1":
  version: 1.0.1
  resolution: "set-immediate-shim@npm:1.0.1"
  checksum: 5085c84039d1e5eee73d2bf48ce765fcec76159021d0cc7b40e23bcdf62cb6d450ffb781e3c62c1118425242c48eae96df712cba0a20a437e86b0d4a15d51a11
  languageName: node
  linkType: hard

"string_decoder@npm:^1.1.1":
  version: 1.3.0
  resolution: "string_decoder@npm:1.3.0"
  dependencies:
    safe-buffer: ~5.2.0
  checksum: 8417646695a66e73aefc4420eb3b84cc9ffd89572861fe004e6aeb13c7bc00e2f616247505d2dbbef24247c372f70268f594af7126f43548565c68c117bdeb56
  languageName: node
  linkType: hard

"string_decoder@npm:~1.1.1":
  version: 1.1.1
  resolution: "string_decoder@npm:1.1.1"
  dependencies:
    safe-buffer: ~5.1.0
  checksum: 9ab7e56f9d60a28f2be697419917c50cac19f3e8e6c28ef26ed5f4852289fe0de5d6997d29becf59028556f2c62983790c1d9ba1e2a3cc401768ca12d5183a5b
  languageName: node
  linkType: hard

"strtok3@npm:^6.2.4":
  version: 6.2.4
  resolution: "strtok3@npm:6.2.4"
  dependencies:
    "@tokenizer/token": ^0.3.0
    peek-readable: ^4.0.1
  checksum: 327b48a79d464542e9ae922c1af3aacc6e6673be31442ab82648ee4afa8cf67f23b426d3e6e77a496ff6e0c9ddc009d9242a224ee05186a100325b633759d0ec
  languageName: node
  linkType: hard

"token-types@npm:^4.1.1":
  version: 4.1.1
  resolution: "token-types@npm:4.1.1"
  dependencies:
    "@tokenizer/token": ^0.3.0
    ieee754: ^1.2.1
  checksum: 8fe4e84611f6c575439b24003650064a2abe8f7c848cdf84dfa233792e4081226e538d567825954d536eadee3a17d902db62ce652b2b1191b772caf1c7d0e312
  languageName: node
  linkType: hard

"ts-node@npm:latest":
  version: 10.4.0
  resolution: "ts-node@npm:10.4.0"
  dependencies:
    "@cspotcode/source-map-support": 0.7.0
    "@tsconfig/node10": ^1.0.7
    "@tsconfig/node12": ^1.0.7
    "@tsconfig/node14": ^1.0.0
    "@tsconfig/node16": ^1.0.2
    acorn: ^8.4.1
    acorn-walk: ^8.1.1
    arg: ^4.1.0
    create-require: ^1.1.0
    diff: ^4.0.1
    make-error: ^1.1.1
    yn: 3.1.1
  peerDependencies:
    "@swc/core": ">=1.2.50"
    "@swc/wasm": ">=1.2.50"
    "@types/node": "*"
    typescript: ">=2.7"
  peerDependenciesMeta:
    "@swc/core":
      optional: true
    "@swc/wasm":
      optional: true
  bin:
    ts-node: dist/bin.js
    ts-node-cwd: dist/bin-cwd.js
    ts-node-script: dist/bin-script.js
    ts-node-transpile-only: dist/bin-transpile.js
    ts-script: dist/bin-script-deprecated.js
  checksum: 3933ac0a937d33c45e04a6750fcdd3e765eb2897d1da1307cd97ac52af093bcfb632ec0453a75000a65c8b5b7bdb32b1077050a186dcc556e62657cb592e6d49
  languageName: node
  linkType: hard

"typescript@npm:latest":
  version: 4.5.5
  resolution: "typescript@npm:4.5.5"
  bin:
    tsc: bin/tsc
    tsserver: bin/tsserver
  checksum: 506f4c919dc8aeaafa92068c997f1d213b9df4d9756d0fae1a1e7ab66b585ab3498050e236113a1c9e57ee08c21ec6814ca7a7f61378c058d79af50a4b1f5a5e
  languageName: node
  linkType: hard

"typescript@patch:typescript@latest#~builtin<compat/typescript>":
  version: 4.5.5
  resolution: "typescript@patch:typescript@npm%3A4.5.5#~builtin<compat/typescript>::version=4.5.5&hash=493e53"
  bin:
    tsc: bin/tsc
    tsserver: bin/tsserver
  checksum: c05c318d79c690f101d7ffb34cd6c7d6bbd884d3af9cefe7749ad0cd6be43c7082f098280982ca945dcba23fde34a08fed9602bb26540936baf8c0520727d3ba
  languageName: node
  linkType: hard

"utf8-buffer@npm:^1.0.0":
  version: 1.0.0
  resolution: "utf8-buffer@npm:1.0.0"
  checksum: 3107f643d03fef041f8b92b9f20714a1c7f3305ef2e0bf79d6b92bcc0660e8c10eaac113a561b40bf7f8b154ccdf835fabf41743ffd34911fcf8338e3378cb9b
  languageName: node
  linkType: hard

"util-deprecate@npm:^1.0.1, util-deprecate@npm:~1.0.1":
  version: 1.0.2
  resolution: "util-deprecate@npm:1.0.2"
  checksum: 474acf1146cb2701fe3b074892217553dfcf9a031280919ba1b8d651a068c9b15d863b7303cb15bd00a862b498e6cf4ad7b4a08fb134edd5a6f7641681cb54a2
  languageName: node
  linkType: hard

"wavefile-parser@npm:^1.0.1":
  version: 1.0.1
  resolution: "wavefile-parser@npm:1.0.1"
  dependencies:
    byte-data: ^18.0.3
    wavefile-reader: ^1.1.1
  checksum: a529fd2c96f91f55d75211b6b52c37298b4d2a4841b7f51dd9869dbddbff9f24732570296e51f9e1f30f591f733664e0a436899d761101800719a1fb5aed8da9
  languageName: node
  linkType: hard

"wavefile-reader@npm:^1.1.1":
  version: 1.1.1
  resolution: "wavefile-reader@npm:1.1.1"
  dependencies:
    byte-data: ^18.0.3
    riff-file: ^1.0.3
  checksum: 8c80af8294efed9a63e44d7e8a7eef26d2f8ffa15495830cb54fa2a92d616e5714660f68ba9fc4fdb2227a45354d0e26c510124917572e9678dd1f69ed59bc4f
  languageName: node
  linkType: hard

"yn@npm:3.1.1":
  version: 3.1.1
  resolution: "yn@npm:3.1.1"
  checksum: 2c487b0e149e746ef48cda9f8bad10fc83693cd69d7f9dcd8be4214e985de33a29c9e24f3c0d6bcf2288427040a8947406ab27f7af67ee9456e6b84854f02dd6
  languageName: node
  linkType: hard
